<Solution>
  <Folder Name="/Solution Items/">
    <File Path="LICENSE.txt" />
    <File Path="Notes.md" />
    <File Path="README.md" />
  </Folder>
  <Project Path="../../SpawnDev.GameUI/SpawnDev.GameUI/SpawnDev.GameUI/SpawnDev.GameUI.csproj" />
  <Project Path="../../SpawnDev.VoxelEngine/SpawnDev.VoxelEngine/SpawnDev.VoxelEngine/SpawnDev.VoxelEngine.csproj" />
  <Project Path="LostSpawns/LostSpawns.csproj" />
</Solution>
